{
  "version": 4,
  "terraform_version": "1.6.5",
  "serial": 243,
  "lineage": "dba8248c-676e-78e7-080a-5b00d635781a",
  "outputs": {
    "database_name": {
      "value": "test-database",
      "type": "string"
    },
    "db_user_name": {
      "value": "test-user",
      "type": "string"
    },
    "deployment_name": {
      "value": "app-deployment",
      "type": "string"
    },
    "gke_cluster_endpoint": {
      "value": "104.154.198.174",
      "type": "string"
    },
    "gke_cluster_name": {
      "value": "test-cluster",
      "type": "string"
    },
    "instance_ip_address": {
      "value": "35.226.118.232",
      "type": "string"
    },
    "replicas": {
      "value": 1,
      "type": "number"
    }
  },
  "resources": [
    {
      "mode": "data",
      "type": "google_client_config",
      "name": "default",
      "provider": "provider[\"registry.terraform.io/hashicorp/google\"]",
      "instances": [
        {
          "schema_version": 0,
          "attributes": {
            "access_token": "ya29.a0AfB_byDuEW5E5AC6DdSWKVbylE4DlP590NFZSNHD_465Kb4ygUkrPOiXZszzUToSI5RD-dxFroT3xAuKltR574ilOlASc3k312cLgZrYZEz8zjh6awv2ZMBYH1GmpM7eSx973bXGxDnsRwmONGB9UKRzgBFfEqWh0ghzGZ8aCgYKAT0SARISFQHGX2MiH2fJiz9tC1Qu9N1dV9WMvQ0174",
            "id": "projects/\"gcp-terraform-407918\"/regions/\"us-central1\"/zones/\"us-central1-a\"",
            "project": "gcp-terraform-407918",
            "region": "us-central1",
            "zone": "us-central1-a"
          },
          "sensitive_attributes": []
        }
      ]
    },
    {
      "mode": "data",
      "type": "google_container_cluster",
      "name": "primary",
      "provider": "provider[\"registry.terraform.io/hashicorp/google\"]",
      "instances": [
        {
          "schema_version": 0,
          "attributes": {
            "addons_config": [
              {
                "cloudrun_config": [],
                "config_connector_config": [],
                "dns_cache_config": [],
                "gce_persistent_disk_csi_driver_config": [
                  {
                    "enabled": true
                  }
                ],
                "gcp_filestore_csi_driver_config": [],
                "gcs_fuse_csi_driver_config": [],
                "gke_backup_agent_config": [],
                "horizontal_pod_autoscaling": [],
                "http_load_balancing": [],
                "network_policy_config": [
                  {
                    "disabled": true
                  }
                ]
              }
            ],
            "allow_net_admin": null,
            "authenticator_groups_config": [],
            "binary_authorization": [
              {
                "enabled": false,
                "evaluation_mode": ""
              }
            ],
            "cluster_autoscaling": [
              {
                "auto_provisioning_defaults": [],
                "autoscaling_profile": "BALANCED",
                "enabled": false,
                "resource_limits": []
              }
            ],
            "cluster_ipv4_cidr": "10.8.0.0/14",
            "confidential_nodes": [],
            "cost_management_config": [],
            "database_encryption": [
              {
                "key_name": "",
                "state": "DECRYPTED"
              }
            ],
            "datapath_provider": "",
            "default_max_pods_per_node": 110,
            "default_snat_status": [
              {
                "disabled": false
              }
            ],
            "deletion_protection": null,
            "description": "",
            "dns_config": [],
            "enable_autopilot": false,
            "enable_intranode_visibility": false,
            "enable_k8s_beta_apis": [],
            "enable_kubernetes_alpha": false,
            "enable_l4_ilb_subsetting": false,
            "enable_legacy_abac": false,
            "enable_shielded_nodes": true,
            "enable_tpu": false,
            "endpoint": "104.154.198.174",
            "fleet": [],
            "gateway_api_config": [],
            "id": "projects/gcp-terraform-407918/locations/us-central1-a/clusters/test-cluster",
            "identity_service_config": [],
            "initial_node_count": 1,
            "ip_allocation_policy": [
              {
                "additional_pod_ranges_config": [],
                "cluster_ipv4_cidr_block": "10.8.0.0/14",
                "cluster_secondary_range_name": "gke-test-cluster-pods-a919396c",
                "pod_cidr_overprovision_config": [
                  {
                    "disabled": false
                  }
                ],
                "services_ipv4_cidr_block": "10.12.0.0/20",
                "services_secondary_range_name": "gke-test-cluster-services-a919396c",
                "stack_type": "IPV4"
              }
            ],
            "label_fingerprint": "f046e655",
            "location": "us-central1-a",
            "logging_config": [
              {
                "enable_components": [
                  "SYSTEM_COMPONENTS",
                  "WORKLOADS"
                ]
              }
            ],
            "logging_service": "logging.googleapis.com/kubernetes",
            "maintenance_policy": [],
            "master_auth": [
              {
                "client_certificate": "",
                "client_certificate_config": [
                  {
                    "issue_client_certificate": false
                  }
                ],
                "client_key": "",
                "cluster_ca_certificate": "LS0tLS1CRUdJTiBDRVJUSUZJQ0FURS0tLS0tCk1JSUVMRENDQXBTZ0F3SUJBZ0lRTDUrcXl6VHdmVTJxYk8zOFVzN1FpVEFOQmdrcWhraUc5dzBCQVFzRkFEQXYKTVMwd0t3WURWUVFERXlSaVlXUTJORGRtTUMwd09EbGhMVFJtTlRjdFlqazVNQzFsTldSaU9UQTRPR0psWXpFdwpJQmNOTWpRd01UTXdNVFExTVRVMVdoZ1BNakExTkRBeE1qSXhOVFV4TlRWYU1DOHhMVEFyQmdOVkJBTVRKR0poClpEWTBOMll3TFRBNE9XRXROR1kxTnkxaU9Ua3dMV1UxWkdJNU1EZzRZbVZqTVRDQ0FhSXdEUVlKS29aSWh2Y04KQVFFQkJRQURnZ0dQQURDQ0FZb0NnZ0dCQUpjRXVVMzAzdC94bTJyM28yaHptZkNuNlJIMTB2STJOVEo1TGRTVgp6c3g5RFpyUkVIU0Y0UlVqeUhpWVl4cVRyZXFUNldpVE5vYWE2amw0YmZxWkwzMmVDMm1UUG1pbkpLOEhUUEJwCldKVkY0WjJhTFBMY01Vem93WEV3dWF6RDNVMzc4ZU9yNXA3b1AvWmxNb1dFZjNCQ1NzYk8yNUZFajNSUGtWNG8KOUdSaURDNVFzM0FkcU9Ub0c4bW5ubWhQN25HL0wzMGQzTm9lQVdwSVNRK0dEV0VxV21HOVNiOVdMQUc5RTl4bQpsbllKWEZnay8yc05EWkhFN3pEb3Z2UGU1Zm1NTXA2YXd4VFl4R3hKN1djRTZnNWVNUWR5RmVaWlNHQldzcVZiCm0yNWcxRW1tY29FQVk0clJBUWFTd0Z1a283RHphNEZVczFTVUlFVzNFMHJpdWFlUDBxSlM0bWNUTG1LeGF0ODQKdndtZG00blVZS2tXSVhQK0xSbFZtTUMyMEtFekZXUE1rdHZhT1FUQXRzMjhnZHc1cVFyaHpFTEx6S20xN3cvUApLMFh4aEVuVlhkYW1VS1BrU3Fqb0tkVVNUMWM4MHhYOVg4LzdxMjNVUXRUMTRsMDJJa1IvZUIvdlF1a3hLWkcrCjQ3a1FXWmRFeC9UZ2pJM3VlT01MSHR0UExRSURBUUFCbzBJd1FEQU9CZ05WSFE4QkFmOEVCQU1DQWdRd0R3WUQKVlIwVEFRSC9CQVV3QXdFQi96QWRCZ05WSFE0RUZnUVVIS1ZaOWl2aW5BTDBMaTQ0UHRWSDFqTmd0S1l3RFFZSgpLb1pJaHZjTkFRRUxCUUFEZ2dHQkFBb1QrdTg0VTdWVHhZbEc0T3MrMVE4QVNWQ0ZicmtXL1ZDeENxUmlkb2tMCjVJY21QbWFIeWlxQTZzbk1NemdpRkFRSnlZUXFUcEJBVHdnS21XU2d5QW02ZmVEVGdVUmZULzRIU0V3ckxkSkwKSi8yTGZESU5xMEpqZmVjckhseVBHeEQ4STR1WUc2Y3lpblpQVHlwc28vWVJoOEdlYVRqNFpqSGE1UDNtTFZ6Mwo0QkFRQW1pQW5vYUNKdStsZ3ZZZ0lxNm5obzVzSVhNV1IzMlBFVkpxVDZtTCtueFVCTlhMUnlULzhmQkFDaVJHCkxiZ1g2R2tUYmtYRklxYVhlLzNwL21kWU1pNk95N2U5OHJsbVRUbkhKU0RPSWUxQXpZbjZoN0dYWEhaNWlHOTUKVnNTUXozMXRpcWJ0K0JIaU5wQzM5RDNCTGp4WDY0MFpObXJsaWZ6Y1hFSzh6MGJnR0VyRDllOWJ0eitjQVgyYwphbUUyQnJ0dTFud2xBRVNZUXM2VCtlZ0ZlNnVndi91dGpSb2tGMnBpUjNmQUhoZnF1emIzaGZ4L0NBQXZydGR6CisxQWkrVW80NFNaRzQ2QjRZNmRDQzhocDVLaHpjR0VuWVQvV2xSSWNMaElaV24wbVQySHhSRnozNUpmNVlVWjkKd2ZXN25RLytNYkNWaDRTT0VhaUdhUT09Ci0tLS0tRU5EIENFUlRJRklDQVRFLS0tLS0K"
              }
            ],
            "master_authorized_networks_config": [],
            "master_version": "1.27.3-gke.100",
            "mesh_certificates": [],
            "min_master_version": null,
            "monitoring_config": [
              {
                "advanced_datapath_observability_config": [
                  {
                    "enable_metrics": false,
                    "relay_mode": ""
                  }
                ],
                "enable_components": [
                  "SYSTEM_COMPONENTS"
                ],
                "managed_prometheus": [
                  {
                    "enabled": true
                  }
                ]
              }
            ],
            "monitoring_service": "monitoring.googleapis.com/kubernetes",
            "name": "test-cluster",
            "network": "projects/gcp-terraform-407918/global/networks/default",
            "network_policy": [
              {
                "enabled": false,
                "provider": "PROVIDER_UNSPECIFIED"
              }
            ],
            "networking_mode": "VPC_NATIVE",
            "node_config": [
              {
                "advanced_machine_features": [],
                "boot_disk_kms_key": "",
                "confidential_nodes": [],
                "disk_size_gb": 100,
                "disk_type": "pd-balanced",
                "effective_taints": [],
                "ephemeral_storage_local_ssd_config": [],
                "fast_socket": [],
                "gcfs_config": [],
                "guest_accelerator": [],
                "gvnic": [],
                "host_maintenance_policy": [],
                "image_type": "COS_CONTAINERD",
                "kubelet_config": [],
                "labels": {},
                "linux_node_config": [],
                "local_nvme_ssd_block_config": [],
                "local_ssd_count": 0,
                "logging_variant": "DEFAULT",
                "machine_type": "e2-medium",
                "metadata": {
                  "disable-legacy-endpoints": "true"
                },
                "min_cpu_platform": "",
                "node_group": "",
                "oauth_scopes": [
                  "https://www.googleapis.com/auth/logging.write",
                  "https://www.googleapis.com/auth/monitoring",
                  "https://www.googleapis.com/auth/sqlservice.admin"
                ],
                "preemptible": false,
                "reservation_affinity": [],
                "resource_labels": {},
                "service_account": "default",
                "shielded_instance_config": [
                  {
                    "enable_integrity_monitoring": true,
                    "enable_secure_boot": false
                  }
                ],
                "sole_tenant_config": [],
                "spot": false,
                "tags": [],
                "taint": [],
                "workload_metadata_config": []
              }
            ],
            "node_locations": [],
            "node_pool": [
              {
                "autoscaling": [],
                "initial_node_count": 1,
                "instance_group_urls": [
                  "https://www.googleapis.com/compute/v1/projects/gcp-terraform-407918/zones/us-central1-a/instanceGroupManagers/gke-test-cluster-default-pool-0ef82652-grp"
                ],
                "managed_instance_group_urls": [
                  "https://www.googleapis.com/compute/v1/projects/gcp-terraform-407918/zones/us-central1-a/instanceGroups/gke-test-cluster-default-pool-0ef82652-grp"
                ],
                "management": [
                  {
                    "auto_repair": true,
                    "auto_upgrade": true
                  }
                ],
                "max_pods_per_node": 110,
                "name": "default-pool",
                "name_prefix": "",
                "network_config": [
                  {
                    "create_pod_range": false,
                    "enable_private_nodes": false,
                    "network_performance_config": [],
                    "pod_cidr_overprovision_config": [],
                    "pod_ipv4_cidr_block": "10.8.0.0/14",
                    "pod_range": "gke-test-cluster-pods-a919396c"
                  }
                ],
                "node_config": [
                  {
                    "advanced_machine_features": [],
                    "boot_disk_kms_key": "",
                    "confidential_nodes": [],
                    "disk_size_gb": 100,
                    "disk_type": "pd-balanced",
                    "effective_taints": [],
                    "ephemeral_storage_local_ssd_config": [],
                    "fast_socket": [],
                    "gcfs_config": [],
                    "guest_accelerator": [],
                    "gvnic": [],
                    "host_maintenance_policy": [],
                    "image_type": "COS_CONTAINERD",
                    "kubelet_config": [],
                    "labels": {},
                    "linux_node_config": [],
                    "local_nvme_ssd_block_config": [],
                    "local_ssd_count": 0,
                    "logging_variant": "DEFAULT",
                    "machine_type": "e2-medium",
                    "metadata": {
                      "disable-legacy-endpoints": "true"
                    },
                    "min_cpu_platform": "",
                    "node_group": "",
                    "oauth_scopes": [
                      "https://www.googleapis.com/auth/logging.write",
                      "https://www.googleapis.com/auth/monitoring",
                      "https://www.googleapis.com/auth/sqlservice.admin"
                    ],
                    "preemptible": false,
                    "reservation_affinity": [],
                    "resource_labels": {},
                    "service_account": "default",
                    "shielded_instance_config": [
                      {
                        "enable_integrity_monitoring": true,
                        "enable_secure_boot": false
                      }
                    ],
                    "sole_tenant_config": [],
                    "spot": false,
                    "tags": [],
                    "taint": [],
                    "workload_metadata_config": []
                  }
                ],
                "node_count": 1,
                "node_locations": [
                  "us-central1-a"
                ],
                "placement_policy": [],
                "upgrade_settings": [
                  {
                    "blue_green_settings": [],
                    "max_surge": 1,
                    "max_unavailable": 0,
                    "strategy": "SURGE"
                  }
                ],
                "version": "1.27.3-gke.100"
              }
            ],
            "node_pool_auto_config": [],
            "node_pool_defaults": [
              {
                "node_config_defaults": [
                  {
                    "logging_variant": "DEFAULT"
                  }
                ]
              }
            ],
            "node_version": "1.27.3-gke.100",
            "notification_config": [
              {
                "pubsub": [
                  {
                    "enabled": false,
                    "filter": [],
                    "topic": ""
                  }
                ]
              }
            ],
            "operation": null,
            "private_cluster_config": [
              {
                "enable_private_endpoint": false,
                "enable_private_nodes": false,
                "master_global_access_config": [
                  {
                    "enabled": false
                  }
                ],
                "master_ipv4_cidr_block": "",
                "peering_name": "",
                "private_endpoint": "10.128.0.5",
                "private_endpoint_subnetwork": "",
                "public_endpoint": "104.154.198.174"
              }
            ],
            "private_ipv6_google_access": "",
            "project": "gcp-terraform-407918",
            "release_channel": [
              {
                "channel": "REGULAR"
              }
            ],
            "remove_default_node_pool": null,
            "resource_labels": {
              "app": "test"
            },
            "resource_usage_export_config": [],
            "security_posture_config": [
              {
                "mode": "BASIC",
                "vulnerability_mode": "VULNERABILITY_MODE_UNSPECIFIED"
              }
            ],
            "self_link": "https://container.googleapis.com/v1/projects/gcp-terraform-407918/zones/us-central1-a/clusters/test-cluster",
            "service_external_ips_config": [
              {
                "enabled": false
              }
            ],
            "services_ipv4_cidr": "10.12.0.0/20",
            "subnetwork": "projects/gcp-terraform-407918/regions/us-central1/subnetworks/default",
            "tpu_ipv4_cidr_block": "",
            "vertical_pod_autoscaling": [],
            "workload_identity_config": []
          },
          "sensitive_attributes": []
        }
      ]
    },
    {
      "mode": "managed",
      "type": "null_resource",
      "name": "cluster",
      "provider": "provider[\"registry.terraform.io/hashicorp/null\"]",
      "instances": [
        {
          "schema_version": 0,
          "attributes": {
            "id": "574845008",
            "triggers": {
              "gke_cluster_endpoint": "104.154.198.174"
            }
          },
          "sensitive_attributes": [],
          "dependencies": [
            "module.gke.google_container_cluster.gke_cluster"
          ]
        }
      ]
    },
    {
      "module": "module.cloud_sql",
      "mode": "managed",
      "type": "google_sql_database",
      "name": "database",
      "provider": "provider[\"registry.terraform.io/hashicorp/google\"]",
      "instances": [
        {
          "schema_version": 0,
          "attributes": {
            "charset": "utf8",
            "collation": "utf8_general_ci",
            "deletion_policy": "DELETE",
            "id": "projects/gcp-terraform-407918/instances/my-instance/databases/test-database",
            "instance": "my-instance",
            "name": "test-database",
            "project": "gcp-terraform-407918",
            "self_link": "https://sqladmin.googleapis.com/sql/v1beta4/projects/gcp-terraform-407918/instances/my-instance/databases/test-database",
            "timeouts": null
          },
          "sensitive_attributes": [],
          "private": "eyJlMmJmYjczMC1lY2FhLTExZTYtOGY4OC0zNDM2M2JjN2M0YzAiOnsiY3JlYXRlIjoxMjAwMDAwMDAwMDAwLCJkZWxldGUiOjEyMDAwMDAwMDAwMDAsInVwZGF0ZSI6MTIwMDAwMDAwMDAwMH19",
          "dependencies": [
            "module.cloud_sql.google_sql_database_instance.instance"
          ]
        }
      ]
    },
    {
      "module": "module.cloud_sql",
      "mode": "managed",
      "type": "google_sql_database_instance",
      "name": "instance",
      "provider": "provider[\"registry.terraform.io/hashicorp/google\"]",
      "instances": [
        {
          "schema_version": 0,
          "attributes": {
            "available_maintenance_versions": [],
            "clone": [],
            "connection_name": "gcp-terraform-407918:us-central1:my-instance",
            "database_version": "MYSQL_5_7",
            "deletion_protection": true,
            "dns_name": "",
            "encryption_key_name": null,
            "first_ip_address": "35.226.118.232",
            "id": "my-instance",
            "instance_type": "CLOUD_SQL_INSTANCE",
            "ip_address": [
              {
                "ip_address": "35.226.118.232",
                "time_to_retire": "",
                "type": "PRIMARY"
              }
            ],
            "maintenance_version": "MYSQL_5_7_44.R20231105.01_03",
            "master_instance_name": "",
            "name": "my-instance",
            "private_ip_address": "",
            "project": "gcp-terraform-407918",
            "psc_service_attachment_link": "",
            "public_ip_address": "35.226.118.232",
            "region": "us-central1",
            "replica_configuration": [],
            "restore_backup_context": [],
            "root_password": null,
            "self_link": "https://sqladmin.googleapis.com/sql/v1beta4/projects/gcp-terraform-407918/instances/my-instance",
            "server_ca_cert": [
              {
                "cert": "-----BEGIN CERTIFICATE-----\nMIIDfzCCAmegAwIBAgIBADANBgkqhkiG9w0BAQsFADB3MS0wKwYDVQQuEyQ0NWUz\nOWNjMC05ZGVhLTRhMjQtODIxYy0wYjM4M2ViMTBlN2QxIzAhBgNVBAMTGkdvb2ds\nZSBDbG91ZCBTUUwgU2VydmVyIENBMRQwEgYDVQQKEwtHb29nbGUsIEluYzELMAkG\nA1UEBhMCVVMwHhcNMjQwMTMwMTUzODA2WhcNMzQwMTI3MTUzOTA2WjB3MS0wKwYD\nVQQuEyQ0NWUzOWNjMC05ZGVhLTRhMjQtODIxYy0wYjM4M2ViMTBlN2QxIzAhBgNV\nBAMTGkdvb2dsZSBDbG91ZCBTUUwgU2VydmVyIENBMRQwEgYDVQQKEwtHb29nbGUs\nIEluYzELMAkGA1UEBhMCVVMwggEiMA0GCSqGSIb3DQEBAQUAA4IBDwAwggEKAoIB\nAQClFHWejn5NcsT5XYitnyzOpkC1YGPK1bHCaBaoMHdcXgc22fiSQ0rWBF6MLcw7\nSpH/+wGM7DsMyIVDuFwen8VtIicSBz1PCjZEkBJ34Y7+gS4PPt5A+8xgMJ5FtKgw\nAQPyCjifARqjiZrl01LE2Gy8sWK+0+uG9s4m33U4KlDkPXLAvUSUV5XCwpMD5sP1\nsiRwDJT63E4eCCXSBo7gzHyVLA/n/lLhmbR9Y8Y8qZtHwRrjapdzyvK0VOGzbg4W\nZCvRgvayVK4Oyb8jgYspv8f73sOdU12VxWpG8mLUx6YK0Ue/phtYWhxsw3HdufDl\nz9TOjKGt/tVuKaoeJvB6VEL9AgMBAAGjFjAUMBIGA1UdEwEB/wQIMAYBAf8CAQAw\nDQYJKoZIhvcNAQELBQADggEBAAxXjmLCuYbJGumjbI9LkPpLtlmn6Re4j8VqAbbJ\n5nqQtoEhb8erTvDjPvPvklyKn7Q1dYNoCk6NOZqTgwRm/nD/GuLjLwpzOVpayX6k\nOSnTD28PMGb1YW57ZHInRNw4sy9a9eKUiaRoZDsKMtD5tdX3RS2tI2rDNGQTd4Vn\nn4H6mAEtabrJ0SMKHJRKNgQK/C5CycflJLIPFVJKOdCIDalLft6E9ydjWAFolERj\n8ehICjZ6e7opOEdgcDZYJKtrr/VXh1Zdcs+633Put3qF9ftfdpErn4XKDP19FfI0\nTiS6X+mqweIKtDB8XGjASdeRg+utkVe1LW6ed3Okmao3uc8=\n-----END CERTIFICATE-----",
                "common_name": "C=US,O=Google\\, Inc,CN=Google Cloud SQL Server CA,dnQualifier=45e39cc0-9dea-4a24-821c-0b383eb10e7d",
                "create_time": "2024-01-30T15:38:06.979Z",
                "expiration_time": "2034-01-27T15:39:06.979Z",
                "sha1_fingerprint": "0344ed63963a5650732e60a0aa4ce1ac90578533"
              }
            ],
            "service_account_email_address": "p834255205528-7g6zyr@gcp-sa-cloud-sql.iam.gserviceaccount.com",
            "settings": [
              {
                "activation_policy": "ALWAYS",
                "active_directory_config": [],
                "advanced_machine_features": [],
                "availability_type": "ZONAL",
                "backup_configuration": [
                  {
                    "backup_retention_settings": [
                      {
                        "retained_backups": 7,
                        "retention_unit": "COUNT"
                      }
                    ],
                    "binary_log_enabled": false,
                    "enabled": false,
                    "location": "",
                    "point_in_time_recovery_enabled": false,
                    "start_time": "05:00",
                    "transaction_log_retention_days": 7
                  }
                ],
                "collation": "",
                "connector_enforcement": "NOT_REQUIRED",
                "data_cache_config": [],
                "database_flags": [],
                "deletion_protection_enabled": false,
                "deny_maintenance_period": [],
                "disk_autoresize": true,
                "disk_autoresize_limit": 0,
                "disk_size": 100,
                "disk_type": "PD_SSD",
                "edition": "ENTERPRISE",
                "insights_config": [],
                "ip_configuration": [
                  {
                    "allocated_ip_range": "",
                    "authorized_networks": [],
                    "enable_private_path_for_google_cloud_services": false,
                    "ipv4_enabled": true,
                    "private_network": "",
                    "psc_config": [],
                    "require_ssl": false,
                    "ssl_mode": ""
                  }
                ],
                "location_preference": [
                  {
                    "follow_gae_application": "",
                    "secondary_zone": "",
                    "zone": "us-central1-f"
                  }
                ],
                "maintenance_window": [],
                "password_validation_policy": [],
                "pricing_plan": "PER_USE",
                "sql_server_audit_config": [],
                "tier": "db-n1-highmem-16",
                "time_zone": "",
                "user_labels": {},
                "version": 1
              }
            ],
            "timeouts": null
          },
          "sensitive_attributes": [],
          "private": "eyJlMmJmYjczMC1lY2FhLTExZTYtOGY4OC0zNDM2M2JjN2M0YzAiOnsiY3JlYXRlIjoyNDAwMDAwMDAwMDAwLCJkZWxldGUiOjE4MDAwMDAwMDAwMDAsInVwZGF0ZSI6MTgwMDAwMDAwMDAwMH19"
        }
      ]
    },
    {
      "module": "module.cloud_sql",
      "mode": "managed",
      "type": "google_sql_user",
      "name": "user",
      "provider": "provider[\"registry.terraform.io/hashicorp/google\"]",
      "instances": [
        {
          "schema_version": 1,
          "attributes": {
            "deletion_policy": null,
            "host": "",
            "id": "test-user//my-instance",
            "instance": "my-instance",
            "name": "test-user",
            "password": "1234",
            "password_policy": [],
            "project": "gcp-terraform-407918",
            "sql_server_user_details": [],
            "timeouts": null,
            "type": ""
          },
          "sensitive_attributes": [],
          "private": "eyJlMmJmYjczMC1lY2FhLTExZTYtOGY4OC0zNDM2M2JjN2M0YzAiOnsiY3JlYXRlIjo2MDAwMDAwMDAwMDAsImRlbGV0ZSI6NjAwMDAwMDAwMDAwLCJ1cGRhdGUiOjYwMDAwMDAwMDAwMH0sInNjaGVtYV92ZXJzaW9uIjoiMSJ9",
          "dependencies": [
            "module.cloud_sql.google_sql_database_instance.instance"
          ]
        }
      ]
    },
    {
      "module": "module.gke",
      "mode": "managed",
      "type": "google_container_cluster",
      "name": "gke_cluster",
      "provider": "provider[\"registry.terraform.io/hashicorp/google\"]",
      "instances": [
        {
          "schema_version": 2,
          "attributes": {
            "addons_config": [
              {
                "cloudrun_config": [],
                "config_connector_config": [],
                "dns_cache_config": [],
                "gce_persistent_disk_csi_driver_config": [
                  {
                    "enabled": true
                  }
                ],
                "gcp_filestore_csi_driver_config": [],
                "gcs_fuse_csi_driver_config": [],
                "gke_backup_agent_config": [],
                "horizontal_pod_autoscaling": [],
                "http_load_balancing": [],
                "network_policy_config": [
                  {
                    "disabled": true
                  }
                ]
              }
            ],
            "allow_net_admin": null,
            "authenticator_groups_config": [],
            "binary_authorization": [
              {
                "enabled": false,
                "evaluation_mode": ""
              }
            ],
            "cluster_autoscaling": [
              {
                "auto_provisioning_defaults": [],
                "autoscaling_profile": "BALANCED",
                "enabled": false,
                "resource_limits": []
              }
            ],
            "cluster_ipv4_cidr": "10.8.0.0/14",
            "confidential_nodes": [],
            "cost_management_config": [],
            "database_encryption": [
              {
                "key_name": "",
                "state": "DECRYPTED"
              }
            ],
            "datapath_provider": "",
            "default_max_pods_per_node": 110,
            "default_snat_status": [
              {
                "disabled": false
              }
            ],
            "deletion_protection": false,
            "description": "",
            "dns_config": [],
            "enable_autopilot": false,
            "enable_intranode_visibility": false,
            "enable_k8s_beta_apis": [],
            "enable_kubernetes_alpha": false,
            "enable_l4_ilb_subsetting": false,
            "enable_legacy_abac": false,
            "enable_shielded_nodes": true,
            "enable_tpu": false,
            "endpoint": "104.154.198.174",
            "fleet": [],
            "gateway_api_config": [],
            "id": "projects/gcp-terraform-407918/locations/us-central1-a/clusters/test-cluster",
            "identity_service_config": [],
            "initial_node_count": 1,
            "ip_allocation_policy": [
              {
                "additional_pod_ranges_config": [],
                "cluster_ipv4_cidr_block": "10.8.0.0/14",
                "cluster_secondary_range_name": "gke-test-cluster-pods-a919396c",
                "pod_cidr_overprovision_config": [
                  {
                    "disabled": false
                  }
                ],
                "services_ipv4_cidr_block": "10.12.0.0/20",
                "services_secondary_range_name": "gke-test-cluster-services-a919396c",
                "stack_type": "IPV4"
              }
            ],
            "label_fingerprint": "f046e655",
            "location": "us-central1-a",
            "logging_config": [
              {
                "enable_components": [
                  "SYSTEM_COMPONENTS",
                  "WORKLOADS"
                ]
              }
            ],
            "logging_service": "logging.googleapis.com/kubernetes",
            "maintenance_policy": [],
            "master_auth": [
              {
                "client_certificate": "",
                "client_certificate_config": [
                  {
                    "issue_client_certificate": false
                  }
                ],
                "client_key": "",
                "cluster_ca_certificate": "LS0tLS1CRUdJTiBDRVJUSUZJQ0FURS0tLS0tCk1JSUVMRENDQXBTZ0F3SUJBZ0lRTDUrcXl6VHdmVTJxYk8zOFVzN1FpVEFOQmdrcWhraUc5dzBCQVFzRkFEQXYKTVMwd0t3WURWUVFERXlSaVlXUTJORGRtTUMwd09EbGhMVFJtTlRjdFlqazVNQzFsTldSaU9UQTRPR0psWXpFdwpJQmNOTWpRd01UTXdNVFExTVRVMVdoZ1BNakExTkRBeE1qSXhOVFV4TlRWYU1DOHhMVEFyQmdOVkJBTVRKR0poClpEWTBOMll3TFRBNE9XRXROR1kxTnkxaU9Ua3dMV1UxWkdJNU1EZzRZbVZqTVRDQ0FhSXdEUVlKS29aSWh2Y04KQVFFQkJRQURnZ0dQQURDQ0FZb0NnZ0dCQUpjRXVVMzAzdC94bTJyM28yaHptZkNuNlJIMTB2STJOVEo1TGRTVgp6c3g5RFpyUkVIU0Y0UlVqeUhpWVl4cVRyZXFUNldpVE5vYWE2amw0YmZxWkwzMmVDMm1UUG1pbkpLOEhUUEJwCldKVkY0WjJhTFBMY01Vem93WEV3dWF6RDNVMzc4ZU9yNXA3b1AvWmxNb1dFZjNCQ1NzYk8yNUZFajNSUGtWNG8KOUdSaURDNVFzM0FkcU9Ub0c4bW5ubWhQN25HL0wzMGQzTm9lQVdwSVNRK0dEV0VxV21HOVNiOVdMQUc5RTl4bQpsbllKWEZnay8yc05EWkhFN3pEb3Z2UGU1Zm1NTXA2YXd4VFl4R3hKN1djRTZnNWVNUWR5RmVaWlNHQldzcVZiCm0yNWcxRW1tY29FQVk0clJBUWFTd0Z1a283RHphNEZVczFTVUlFVzNFMHJpdWFlUDBxSlM0bWNUTG1LeGF0ODQKdndtZG00blVZS2tXSVhQK0xSbFZtTUMyMEtFekZXUE1rdHZhT1FUQXRzMjhnZHc1cVFyaHpFTEx6S20xN3cvUApLMFh4aEVuVlhkYW1VS1BrU3Fqb0tkVVNUMWM4MHhYOVg4LzdxMjNVUXRUMTRsMDJJa1IvZUIvdlF1a3hLWkcrCjQ3a1FXWmRFeC9UZ2pJM3VlT01MSHR0UExRSURBUUFCbzBJd1FEQU9CZ05WSFE4QkFmOEVCQU1DQWdRd0R3WUQKVlIwVEFRSC9CQVV3QXdFQi96QWRCZ05WSFE0RUZnUVVIS1ZaOWl2aW5BTDBMaTQ0UHRWSDFqTmd0S1l3RFFZSgpLb1pJaHZjTkFRRUxCUUFEZ2dHQkFBb1QrdTg0VTdWVHhZbEc0T3MrMVE4QVNWQ0ZicmtXL1ZDeENxUmlkb2tMCjVJY21QbWFIeWlxQTZzbk1NemdpRkFRSnlZUXFUcEJBVHdnS21XU2d5QW02ZmVEVGdVUmZULzRIU0V3ckxkSkwKSi8yTGZESU5xMEpqZmVjckhseVBHeEQ4STR1WUc2Y3lpblpQVHlwc28vWVJoOEdlYVRqNFpqSGE1UDNtTFZ6Mwo0QkFRQW1pQW5vYUNKdStsZ3ZZZ0lxNm5obzVzSVhNV1IzMlBFVkpxVDZtTCtueFVCTlhMUnlULzhmQkFDaVJHCkxiZ1g2R2tUYmtYRklxYVhlLzNwL21kWU1pNk95N2U5OHJsbVRUbkhKU0RPSWUxQXpZbjZoN0dYWEhaNWlHOTUKVnNTUXozMXRpcWJ0K0JIaU5wQzM5RDNCTGp4WDY0MFpObXJsaWZ6Y1hFSzh6MGJnR0VyRDllOWJ0eitjQVgyYwphbUUyQnJ0dTFud2xBRVNZUXM2VCtlZ0ZlNnVndi91dGpSb2tGMnBpUjNmQUhoZnF1emIzaGZ4L0NBQXZydGR6CisxQWkrVW80NFNaRzQ2QjRZNmRDQzhocDVLaHpjR0VuWVQvV2xSSWNMaElaV24wbVQySHhSRnozNUpmNVlVWjkKd2ZXN25RLytNYkNWaDRTT0VhaUdhUT09Ci0tLS0tRU5EIENFUlRJRklDQVRFLS0tLS0K"
              }
            ],
            "master_authorized_networks_config": [],
            "master_version": "1.27.3-gke.100",
            "mesh_certificates": [],
            "min_master_version": null,
            "monitoring_config": [
              {
                "advanced_datapath_observability_config": [
                  {
                    "enable_metrics": false,
                    "relay_mode": ""
                  }
                ],
                "enable_components": [
                  "SYSTEM_COMPONENTS"
                ],
                "managed_prometheus": [
                  {
                    "enabled": true
                  }
                ]
              }
            ],
            "monitoring_service": "monitoring.googleapis.com/kubernetes",
            "name": "test-cluster",
            "network": "projects/gcp-terraform-407918/global/networks/default",
            "network_policy": [
              {
                "enabled": false,
                "provider": "PROVIDER_UNSPECIFIED"
              }
            ],
            "networking_mode": "VPC_NATIVE",
            "node_config": [
              {
                "advanced_machine_features": [],
                "boot_disk_kms_key": "",
                "confidential_nodes": [],
                "disk_size_gb": 100,
                "disk_type": "pd-balanced",
                "effective_taints": [],
                "ephemeral_storage_local_ssd_config": [],
                "fast_socket": [],
                "gcfs_config": [],
                "guest_accelerator": [],
                "gvnic": [],
                "host_maintenance_policy": [],
                "image_type": "COS_CONTAINERD",
                "kubelet_config": [],
                "labels": {},
                "linux_node_config": [],
                "local_nvme_ssd_block_config": [],
                "local_ssd_count": 0,
                "logging_variant": "DEFAULT",
                "machine_type": "e2-medium",
                "metadata": {
                  "disable-legacy-endpoints": "true"
                },
                "min_cpu_platform": "",
                "node_group": "",
                "oauth_scopes": [
                  "https://www.googleapis.com/auth/sqlservice.admin"
                ],
                "preemptible": false,
                "reservation_affinity": [],
                "resource_labels": null,
                "service_account": "default",
                "shielded_instance_config": [
                  {
                    "enable_integrity_monitoring": true,
                    "enable_secure_boot": false
                  }
                ],
                "sole_tenant_config": [],
                "spot": false,
                "tags": null,
                "taint": [],
                "workload_metadata_config": []
              }
            ],
            "node_locations": [],
            "node_pool": [
              {
                "autoscaling": [],
                "initial_node_count": 1,
                "instance_group_urls": [
                  "https://www.googleapis.com/compute/v1/projects/gcp-terraform-407918/zones/us-central1-a/instanceGroupManagers/gke-test-cluster-default-pool-0ef82652-grp"
                ],
                "managed_instance_group_urls": [
                  "https://www.googleapis.com/compute/v1/projects/gcp-terraform-407918/zones/us-central1-a/instanceGroups/gke-test-cluster-default-pool-0ef82652-grp"
                ],
                "management": [
                  {
                    "auto_repair": true,
                    "auto_upgrade": true
                  }
                ],
                "max_pods_per_node": 110,
                "name": "default-pool",
                "name_prefix": "",
                "network_config": [
                  {
                    "create_pod_range": false,
                    "enable_private_nodes": false,
                    "network_performance_config": [],
                    "pod_cidr_overprovision_config": [],
                    "pod_ipv4_cidr_block": "10.8.0.0/14",
                    "pod_range": "gke-test-cluster-pods-a919396c"
                  }
                ],
                "node_config": [
                  {
                    "advanced_machine_features": [],
                    "boot_disk_kms_key": "",
                    "confidential_nodes": [],
                    "disk_size_gb": 100,
                    "disk_type": "pd-balanced",
                    "effective_taints": [],
                    "ephemeral_storage_local_ssd_config": [],
                    "fast_socket": [],
                    "gcfs_config": [],
                    "guest_accelerator": [],
                    "gvnic": [],
                    "host_maintenance_policy": [],
                    "image_type": "COS_CONTAINERD",
                    "kubelet_config": [],
                    "labels": {},
                    "linux_node_config": [],
                    "local_nvme_ssd_block_config": [],
                    "local_ssd_count": 0,
                    "logging_variant": "DEFAULT",
                    "machine_type": "e2-medium",
                    "metadata": {
                      "disable-legacy-endpoints": "true"
                    },
                    "min_cpu_platform": "",
                    "node_group": "",
                    "oauth_scopes": [
                      "https://www.googleapis.com/auth/logging.write",
                      "https://www.googleapis.com/auth/monitoring",
                      "https://www.googleapis.com/auth/sqlservice.admin"
                    ],
                    "preemptible": false,
                    "reservation_affinity": [],
                    "resource_labels": {},
                    "service_account": "default",
                    "shielded_instance_config": [
                      {
                        "enable_integrity_monitoring": true,
                        "enable_secure_boot": false
                      }
                    ],
                    "sole_tenant_config": [],
                    "spot": false,
                    "tags": [],
                    "taint": [],
                    "workload_metadata_config": []
                  }
                ],
                "node_count": 1,
                "node_locations": [
                  "us-central1-a"
                ],
                "placement_policy": [],
                "upgrade_settings": [
                  {
                    "blue_green_settings": [],
                    "max_surge": 1,
                    "max_unavailable": 0,
                    "strategy": "SURGE"
                  }
                ],
                "version": "1.27.3-gke.100"
              }
            ],
            "node_pool_auto_config": [],
            "node_pool_defaults": [
              {
                "node_config_defaults": [
                  {
                    "logging_variant": "DEFAULT"
                  }
                ]
              }
            ],
            "node_version": "1.27.3-gke.100",
            "notification_config": [
              {
                "pubsub": [
                  {
                    "enabled": false,
                    "filter": [],
                    "topic": ""
                  }
                ]
              }
            ],
            "operation": null,
            "private_cluster_config": [
              {
                "enable_private_endpoint": false,
                "enable_private_nodes": false,
                "master_global_access_config": [
                  {
                    "enabled": false
                  }
                ],
                "master_ipv4_cidr_block": "",
                "peering_name": "",
                "private_endpoint": "10.128.0.5",
                "private_endpoint_subnetwork": "",
                "public_endpoint": "104.154.198.174"
              }
            ],
            "private_ipv6_google_access": "",
            "project": "gcp-terraform-407918",
            "release_channel": [
              {
                "channel": "REGULAR"
              }
            ],
            "remove_default_node_pool": null,
            "resource_labels": {
              "app": "test"
            },
            "resource_usage_export_config": [],
            "security_posture_config": [
              {
                "mode": "BASIC",
                "vulnerability_mode": "VULNERABILITY_MODE_UNSPECIFIED"
              }
            ],
            "self_link": "https://container.googleapis.com/v1/projects/gcp-terraform-407918/zones/us-central1-a/clusters/test-cluster",
            "service_external_ips_config": [
              {
                "enabled": false
              }
            ],
            "services_ipv4_cidr": "10.12.0.0/20",
            "subnetwork": "projects/gcp-terraform-407918/regions/us-central1/subnetworks/default",
            "timeouts": null,
            "tpu_ipv4_cidr_block": "",
            "vertical_pod_autoscaling": [],
            "workload_identity_config": []
          },
          "sensitive_attributes": [],
          "private": "eyJlMmJmYjczMC1lY2FhLTExZTYtOGY4OC0zNDM2M2JjN2M0YzAiOnsiY3JlYXRlIjoyNDAwMDAwMDAwMDAwLCJkZWxldGUiOjI0MDAwMDAwMDAwMDAsInJlYWQiOjI0MDAwMDAwMDAwMDAsInVwZGF0ZSI6MzYwMDAwMDAwMDAwMH0sInNjaGVtYV92ZXJzaW9uIjoiMiJ9"
        }
      ]
    },
    {
      "module": "module.k8s_deployment",
      "mode": "managed",
      "type": "kubernetes_deployment",
      "name": "app",
      "provider": "provider[\"registry.terraform.io/hashicorp/kubernetes\"]",
      "instances": [
        {
          "status": "tainted",
          "schema_version": 1,
          "attributes": {
            "id": "default/app-deployment",
            "metadata": [
              {
                "annotations": null,
                "generate_name": "",
                "generation": 0,
                "labels": null,
                "name": "app-deployment",
                "namespace": "default",
                "resource_version": "",
                "uid": ""
              }
            ],
            "spec": [
              {
                "min_ready_seconds": 0,
                "paused": false,
                "progress_deadline_seconds": 600,
                "replicas": "1",
                "revision_history_limit": 10,
                "selector": [
                  {
                    "match_expressions": [],
                    "match_labels": {
                      "App": "app"
                    }
                  }
                ],
                "strategy": [],
                "template": [
                  {
                    "metadata": [
                      {
                        "annotations": null,
                        "generate_name": "",
                        "generation": 0,
                        "labels": {
                          "App": "app"
                        },
                        "name": "",
                        "namespace": "",
                        "resource_version": "",
                        "uid": ""
                      }
                    ],
                    "spec": [
                      {
                        "active_deadline_seconds": 0,
                        "affinity": [],
                        "automount_service_account_token": true,
                        "container": [
                          {
                            "args": null,
                            "command": null,
                            "env": [
                              {
                                "name": "CLOUD_SQL_CONNECTION_NAME",
                                "value": "my-project:us-central1:my-instance",
                                "value_from": []
                              },
                              {
                                "name": "DB_USER",
                                "value": "test-user",
                                "value_from": []
                              },
                              {
                                "name": "DB_PASSWORD",
                                "value": "1234",
                                "value_from": []
                              },
                              {
                                "name": "DB_NAME",
                                "value": "test-database",
                                "value_from": []
                              }
                            ],
                            "env_from": [],
                            "image": "us-docker.pkg.dev/gcp-terraform-407918/todoapp/my-image:latest",
                            "image_pull_policy": "",
                            "lifecycle": [],
                            "liveness_probe": [],
                            "name": "app",
                            "port": [
                              {
                                "container_port": 8080,
                                "host_ip": "",
                                "host_port": 0,
                                "name": "",
                                "protocol": "TCP"
                              }
                            ],
                            "readiness_probe": [],
                            "resources": [],
                            "security_context": [],
                            "startup_probe": [],
                            "stdin": false,
                            "stdin_once": false,
                            "termination_message_path": "/dev/termination-log",
                            "termination_message_policy": "",
                            "tty": false,
                            "volume_mount": [],
                            "working_dir": ""
                          },
                          {
                            "args": [
                              "/cloud_sql_proxy",
                              "-instances=my-project:us-central1:my-instance=tcp:3306"
                            ],
                            "command": null,
                            "env": [],
                            "env_from": [],
                            "image": "gcr.io/cloudsql-docker/gce-proxy:1.16",
                            "image_pull_policy": "",
                            "lifecycle": [],
                            "liveness_probe": [],
                            "name": "cloud-sql-proxy",
                            "port": [],
                            "readiness_probe": [],
                            "resources": [],
                            "security_context": [],
                            "startup_probe": [],
                            "stdin": false,
                            "stdin_once": false,
                            "termination_message_path": "/dev/termination-log",
                            "termination_message_policy": "",
                            "tty": false,
                            "volume_mount": [],
                            "working_dir": ""
                          }
                        ],
                        "dns_config": [],
                        "dns_policy": "ClusterFirst",
                        "enable_service_links": true,
                        "host_aliases": [],
                        "host_ipc": false,
                        "host_network": false,
                        "host_pid": false,
                        "hostname": "",
                        "image_pull_secrets": [],
                        "init_container": [],
                        "node_name": "",
                        "node_selector": null,
                        "os": [],
                        "priority_class_name": "",
                        "readiness_gate": [],
                        "restart_policy": "Always",
                        "runtime_class_name": "",
                        "scheduler_name": "",
                        "security_context": [],
                        "service_account_name": "",
                        "share_process_namespace": false,
                        "subdomain": "",
                        "termination_grace_period_seconds": 30,
                        "toleration": [],
                        "topology_spread_constraint": [],
                        "volume": []
                      }
                    ]
                  }
                ]
              }
            ],
            "timeouts": null,
            "wait_for_rollout": true
          },
          "sensitive_attributes": [],
          "private": "eyJlMmJmYjczMC1lY2FhLTExZTYtOGY4OC0zNDM2M2JjN2M0YzAiOnsiY3JlYXRlIjo2MDAwMDAwMDAwMDAsImRlbGV0ZSI6NjAwMDAwMDAwMDAwLCJ1cGRhdGUiOjYwMDAwMDAwMDAwMH0sInNjaGVtYV92ZXJzaW9uIjoiMSJ9",
          "dependencies": [
            "data.google_client_config.default",
            "module.cloud_sql.google_sql_database.database",
            "module.cloud_sql.google_sql_database_instance.instance",
            "module.cloud_sql.google_sql_user.user",
            "module.gke.google_container_cluster.gke_cluster"
          ]
        }
      ]
    }
  ],
  "check_results": null
}
