{
  "version": 4,
  "terraform_version": "1.6.5",
  "serial": 217,
  "lineage": "dba8248c-676e-78e7-080a-5b00d635781a",
  "outputs": {
    "database_name": {
      "value": "test-database",
      "type": "string"
    },
    "db_user_name": {
      "value": "test-user",
      "type": "string"
    },
    "deployment_name": {
      "value": "app-deployment",
      "type": "string"
    },
    "gke_cluster_name": {
      "value": "test-cluster",
      "type": "string"
    },
    "gke_clustet_endpoint": {
      "value": "35.238.43.145",
      "type": "string"
    },
    "instance_ip_address": {
      "value": "34.133.93.244",
      "type": "string"
    },
    "replicas": {
      "value": 1,
      "type": "number"
    }
  },
  "resources": [
    {
      "mode": "data",
      "type": "google_client_config",
      "name": "default",
      "provider": "provider[\"registry.terraform.io/hashicorp/google\"]",
      "instances": [
        {
          "schema_version": 0,
          "attributes": {
            "access_token": "ya29.a0AfB_byBWX37OOKLNt3cS9HY2rAUttf7zZq_Gdm2R-KdotW5Qq1blHp6I2Z-d3RzKUH6escLIMFmyk5vmc6-DiKAC038kBZo7Xh27-XUIV2BAU-SzW_xN961tZIlYWK_3z6B0BKy9zBQ9465_HNUR4L_dLfhSyHJprSuU0HYaCgYKARgSARISFQHGX2MiL_dyePoEWeODAIHxve6vYw0174",
            "id": "2024-01-30 08:18:34.1463557 +0000 UTC",
            "project": "gcp-terraform-407918",
            "region": "us-central1",
            "zone": "us-central1-a"
          },
          "sensitive_attributes": []
        }
      ]
    },
    {
      "mode": "data",
      "type": "google_container_cluster",
      "name": "primary",
      "provider": "provider[\"registry.terraform.io/hashicorp/google\"]",
      "instances": [
        {
          "schema_version": 0,
          "attributes": {
            "additional_zones": [],
            "addons_config": [
              {
                "horizontal_pod_autoscaling": [],
                "http_load_balancing": [],
                "kubernetes_dashboard": [],
                "network_policy_config": [
                  {
                    "disabled": true
                  }
                ]
              }
            ],
            "authenticator_groups_config": [],
            "cluster_autoscaling": [
              {
                "auto_provisioning_defaults": [],
                "enabled": false,
                "resource_limits": []
              }
            ],
            "cluster_ipv4_cidr": "10.8.0.0/14",
            "default_max_pods_per_node": 110,
            "description": "",
            "enable_binary_authorization": null,
            "enable_intranode_visibility": null,
            "enable_kubernetes_alpha": false,
            "enable_legacy_abac": false,
            "enable_tpu": null,
            "endpoint": "35.238.43.145",
            "id": "projects/gcp-terraform-407918/locations/us-central1-a/clusters/test-cluster",
            "initial_node_count": 1,
            "instance_group_urls": [
              "https://www.googleapis.com/compute/v1/projects/gcp-terraform-407918/zones/us-central1-a/instanceGroups/gke-test-cluster-default-pool-99410c83-grp"
            ],
            "ip_allocation_policy": [
              {
                "cluster_ipv4_cidr_block": "10.8.0.0/14",
                "cluster_secondary_range_name": "gke-test-cluster-pods-e315448f",
                "create_subnetwork": false,
                "node_ipv4_cidr_block": "",
                "services_ipv4_cidr_block": "10.12.0.0/20",
                "services_secondary_range_name": "gke-test-cluster-services-e315448f",
                "subnetwork_name": "",
                "use_ip_aliases": false
              }
            ],
            "location": "us-central1-a",
            "logging_service": "logging.googleapis.com/kubernetes",
            "maintenance_policy": [],
            "master_auth": [
              {
                "client_certificate": "",
                "client_certificate_config": [
                  {
                    "issue_client_certificate": false
                  }
                ],
                "client_key": "",
                "cluster_ca_certificate": "LS0tLS1CRUdJTiBDRVJUSUZJQ0FURS0tLS0tCk1JSUVMVENDQXBXZ0F3SUJBZ0lSQU1EclBML1hoU2tNWVZsQTFMcy8xNFF3RFFZSktvWklodmNOQVFFTEJRQXcKTHpFdE1Dc0dBMVVFQXhNa01tTTFORGd3T0RJdFlXUTNOUzAwTm1RMkxXRmxNVFV0WlROaFptTXhaalV6TW1RNApNQ0FYRFRJME1ERXpNREEzTWpJek9Gb1lEekl3TlRRd01USXlNRGd5TWpNNFdqQXZNUzB3S3dZRFZRUURFeVF5Cll6VTBPREE0TWkxaFpEYzFMVFEyWkRZdFlXVXhOUzFsTTJGbVl6Rm1OVE15WkRnd2dnR2lNQTBHQ1NxR1NJYjMKRFFFQkFRVUFBNElCandBd2dnR0tBb0lCZ1FERElEV1hHQ3ZzNkNYUXIyQWZ5a0pyVFlFVHl0VnJmZjVYaVVURwpJaklaa0xZMkdZNTR6SE9ZaVFzaUhTRVIvSDNweHZ6MXJJT3RFejltN1BOcVMwNWdJck1teUZTRDIwYVZ3SjU1Cm1sSndXZXhvRDh5bVhkTEs4a1psc1ZIRGNST2ZHYTVJcDdsREdUbkdld0R3SStyM3k5M3BadEFyZDRuYnVyUGwKR2tJeFZvWmRPclVmMkQxQytlMkwzM0RhdGQ3dzdrVnJOR3huZWRXUGF1R25PTHo2TzB1Yys0dEJ6cHRad2xDaApFKzRSZjVaaXVwdXFROURUSjJGV3FTbE4zMU5GbkNRS3JDVlRJMFNzL3E4OGx1Z0MybitYSWhXdzc3dCt0RkJiCkRsY3V5QlRaT0YxbklQa2dEVUM5Nm93V2dMSmhCVTVNNFhzeGs1OVY0U0lLU1M1Qm1KTGo1WHJXeGlLZDFzOVUKVVMxV2VQVWI2cjlmNVExOWVJN1FnYThZWnhMb3ljdVQ1L291MFdTTGpmdnVQcWU3NUd5R2puUnQ1UmZRbmVzZgpqOHJsT25zSlBmOEQ5cTNLb0tFS3hJY1BOZzc4NFZxSVBJcEtxbHNVNjJFR1Y1N09YSUR4NnJHcmVydjk5MEZvCktpa1A2SkxRQzBkcURycllZRmowcFo1TzBVMENBd0VBQWFOQ01FQXdEZ1lEVlIwUEFRSC9CQVFEQWdJRU1BOEcKQTFVZEV3RUIvd1FGTUFNQkFmOHdIUVlEVlIwT0JCWUVGRGFZNkZ3UEdmUllReG1BdjJhakFvVHREUCt4TUEwRwpDU3FHU0liM0RRRUJDd1VBQTRJQmdRQlVZNG9ETklnSnZVOHlxa1EzZmNPckp0UERXaUplSDdnY2ZIdFBEVUsyCjg2cG5XQTRqb2orUEdMQldBd0dWV1RaM0VnTkE4NU5oY2hOUzVmQ2FUQWFjNTVRa1NmZHhmWitOSUwwVXljNVoKMElaU1pjcGxSdjcvYkROeGVaQWpqa1FFMEQyTGJ0NVMzNUwzTDJkS0w4QlZzTGNDUlZPK2J4TkU4cUl3SkNqKworTHorbGpsWjAyZG83T3BIVmEzZktKSGExcm1DUDNTR1NreEJqRU9zWVlKYnN6d3dEcjFtR2JyOWtFQzdrdFZqCnU2VDVKYlJyVTBBT0xmTExucm1vN0VpdEdZSi80Sll3Wm5seWVrUE1mSEtxenpMTGRsQ2Y5WXlVNW1DNGRUeVoKdlJIbUt0UzFCQU04QjUycjhydlZRSXpOY0wyTmloZWVuVkYzdHlUeGJMWUlxb1V0U0RnaFp4bERtRlFoQndwQgpQU25KWXdtWXhKN1c4aE1oMGZVK2lucWliT2NKTXg0ZmpZZEJkU0NvTjhIdzFhOFJXVkU5Q2ZPRzhQaURSMlowCkJ5NWtHSFRqN2FCU3krRGo2ZlM0OEk0MDFmMlljdGdDMGhWUkhnclpTbGdqTUx6cXBEQ3dFRzVvNm5PUVdwaXUKbDRSeFVwSEo2OEIxRlR5RTNwRGFabXc9Ci0tLS0tRU5EIENFUlRJRklDQVRFLS0tLS0K",
                "password": "",
                "username": ""
              }
            ],
            "master_authorized_networks_config": [],
            "master_version": "1.27.3-gke.100",
            "min_master_version": null,
            "monitoring_service": "monitoring.googleapis.com/kubernetes",
            "name": "test-cluster",
            "network": "projects/gcp-terraform-407918/global/networks/default",
            "network_policy": [
              {
                "enabled": false,
                "provider": "PROVIDER_UNSPECIFIED"
              }
            ],
            "node_config": [
              {
                "disk_size_gb": 100,
                "disk_type": "pd-balanced",
                "guest_accelerator": [],
                "image_type": "COS_CONTAINERD",
                "labels": {},
                "local_ssd_count": 0,
                "machine_type": "e2-medium",
                "metadata": {
                  "disable-legacy-endpoints": "true"
                },
                "min_cpu_platform": "",
                "oauth_scopes": [
                  "https://www.googleapis.com/auth/logging.write",
                  "https://www.googleapis.com/auth/monitoring",
                  "https://www.googleapis.com/auth/sqlservice.admin"
                ],
                "preemptible": false,
                "sandbox_config": [],
                "service_account": "default",
                "shielded_instance_config": [
                  {
                    "enable_integrity_monitoring": true,
                    "enable_secure_boot": false
                  }
                ],
                "tags": [],
                "taint": [],
                "workload_metadata_config": []
              }
            ],
            "node_locations": [],
            "node_pool": [
              {
                "autoscaling": [],
                "initial_node_count": 1,
                "instance_group_urls": [
                  "https://www.googleapis.com/compute/v1/projects/gcp-terraform-407918/zones/us-central1-a/instanceGroupManagers/gke-test-cluster-default-pool-99410c83-grp"
                ],
                "management": [
                  {
                    "auto_repair": true,
                    "auto_upgrade": true
                  }
                ],
                "max_pods_per_node": 110,
                "name": "default-pool",
                "name_prefix": "",
                "node_config": [
                  {
                    "disk_size_gb": 100,
                    "disk_type": "pd-balanced",
                    "guest_accelerator": [],
                    "image_type": "COS_CONTAINERD",
                    "labels": {},
                    "local_ssd_count": 0,
                    "machine_type": "e2-medium",
                    "metadata": {
                      "disable-legacy-endpoints": "true"
                    },
                    "min_cpu_platform": "",
                    "oauth_scopes": [
                      "https://www.googleapis.com/auth/logging.write",
                      "https://www.googleapis.com/auth/monitoring",
                      "https://www.googleapis.com/auth/sqlservice.admin"
                    ],
                    "preemptible": false,
                    "sandbox_config": [],
                    "service_account": "default",
                    "shielded_instance_config": [
                      {
                        "enable_integrity_monitoring": true,
                        "enable_secure_boot": false
                      }
                    ],
                    "tags": [],
                    "taint": [],
                    "workload_metadata_config": []
                  }
                ],
                "node_count": 1,
                "version": "1.27.3-gke.100"
              }
            ],
            "node_version": "1.27.3-gke.100",
            "operation": null,
            "pod_security_policy_config": null,
            "private_cluster_config": [
              {
                "enable_private_endpoint": false,
                "enable_private_nodes": false,
                "master_ipv4_cidr_block": "",
                "private_endpoint": "10.128.0.3",
                "public_endpoint": "35.238.43.145"
              }
            ],
            "project": "gcp-terraform-407918",
            "region": null,
            "remove_default_node_pool": null,
            "resource_labels": {
              "app": "test"
            },
            "services_ipv4_cidr": "10.12.0.0/20",
            "subnetwork": "projects/gcp-terraform-407918/regions/us-central1/subnetworks/default",
            "vertical_pod_autoscaling": [],
            "zone": null
          },
          "sensitive_attributes": []
        }
      ]
    },
    {
      "module": "module.cloud_sql",
      "mode": "managed",
      "type": "google_sql_database",
      "name": "database",
      "provider": "provider[\"registry.terraform.io/hashicorp/google\"]",
      "instances": [
        {
          "schema_version": 0,
          "attributes": {
            "charset": "utf8",
            "collation": "utf8_general_ci",
            "id": "projects/gcp-terraform-407918/instances/my-instance/databases/test-database",
            "instance": "my-instance",
            "name": "test-database",
            "project": "gcp-terraform-407918",
            "self_link": "https://www.googleapis.com/sql/v1beta4/projects/gcp-terraform-407918/instances/my-instance/databases/test-database",
            "timeouts": null
          },
          "sensitive_attributes": [],
          "private": "eyJlMmJmYjczMC1lY2FhLTExZTYtOGY4OC0zNDM2M2JjN2M0YzAiOnsiY3JlYXRlIjo5MDAwMDAwMDAwMDAsImRlbGV0ZSI6NjAwMDAwMDAwMDAwLCJ1cGRhdGUiOjYwMDAwMDAwMDAwMH19",
          "dependencies": [
            "module.cloud_sql.google_sql_database_instance.instance"
          ]
        }
      ]
    },
    {
      "module": "module.cloud_sql",
      "mode": "managed",
      "type": "google_sql_database_instance",
      "name": "instance",
      "provider": "provider[\"registry.terraform.io/hashicorp/google\"]",
      "instances": [
        {
          "schema_version": 0,
          "attributes": {
            "connection_name": "gcp-terraform-407918:us-central1:my-instance",
            "database_version": "MYSQL_5_7",
            "first_ip_address": "34.133.93.244",
            "id": "my-instance",
            "ip_address": [
              {
                "ip_address": "34.133.93.244",
                "time_to_retire": "",
                "type": "PRIMARY"
              }
            ],
            "master_instance_name": "",
            "name": "my-instance",
            "private_ip_address": "",
            "project": "gcp-terraform-407918",
            "public_ip_address": "34.133.93.244",
            "region": "us-central1",
            "replica_configuration": [],
            "self_link": "https://www.googleapis.com/sql/v1beta4/projects/gcp-terraform-407918/instances/my-instance",
            "server_ca_cert": [
              {
                "cert": "-----BEGIN CERTIFICATE-----\nMIIDfzCCAmegAwIBAgIBADANBgkqhkiG9w0BAQsFADB3MS0wKwYDVQQuEyRmYWFh\nMWE5OS1kNmFlLTRiYjAtOGRhOS02YzA4YTg0ZDk2MzYxIzAhBgNVBAMTGkdvb2ds\nZSBDbG91ZCBTUUwgU2VydmVyIENBMRQwEgYDVQQKEwtHb29nbGUsIEluYzELMAkG\nA1UEBhMCVVMwHhcNMjQwMTMwMDc0NjI2WhcNMzQwMTI3MDc0NzI2WjB3MS0wKwYD\nVQQuEyRmYWFhMWE5OS1kNmFlLTRiYjAtOGRhOS02YzA4YTg0ZDk2MzYxIzAhBgNV\nBAMTGkdvb2dsZSBDbG91ZCBTUUwgU2VydmVyIENBMRQwEgYDVQQKEwtHb29nbGUs\nIEluYzELMAkGA1UEBhMCVVMwggEiMA0GCSqGSIb3DQEBAQUAA4IBDwAwggEKAoIB\nAQCO9NKLZWwTtMnSaD6fg8s7Itf7AdD+o798qI6lepBMZy3ni6L5Gnttq4vrR6V2\nuIMHNh7C268JokjLqBrdEOzFfWPUi/fSaMhQQlfu9CN9ZXmKdDQZr0+R4Nao56SF\nTRTQh9mXhRIKhrLV7/KL3Oj5BYPifGRSaxpRDybHcrXuCrSK23sPu+JBuz1KMHEh\nXeDFmVs4ij3Kt2K06daA6nkG3hHGGeVjuHKmkohkVMOcKsltO/a87bNwBJdq3cMF\nw1FUa7bfMkarPI63VyAQt3MwF8d2kyWElkoPhRr/+6tRC4sgloL2AsFKJ1UOqqeV\nRDyxlrlDlqXyj/nMx0fGkNLVAgMBAAGjFjAUMBIGA1UdEwEB/wQIMAYBAf8CAQAw\nDQYJKoZIhvcNAQELBQADggEBAGKjzJZpZiDRGdriZOR+pcjtTiuxz4hgbUN1UMD3\n7TGtCUAhUvgP525dpPX08vU6RyATrcSU4Fa/YxM3jkOc1zTSuM05KQP2RZAJzf9T\nDar98RTIUGOW0RIit8Av3hIwc4ob3O/J9f2PlWEE9EYRO67QJYquHiTFNSVB6ms6\n87g77b/vogxWpR0VDtHe+WtRxlYte602vlOZXmn3pwUgmchzsg3XfL+ksYOqmyc8\n+PLIP7YIdnkqbzxMRCcGbnr1Lwt+uYUkPeg39A2zRuriK2qFIiSUVJ2OdR2Jf194\naO1A1gFAu1MxbcRLfmfG2NsnsCi1E2mIPIwo6cGKDTXwQSQ=\n-----END CERTIFICATE-----",
                "common_name": "C=US,O=Google\\, Inc,CN=Google Cloud SQL Server CA,dnQualifier=faaa1a99-d6ae-4bb0-8da9-6c08a84d9636",
                "create_time": "2024-01-30T07:46:26.694Z",
                "expiration_time": "2034-01-27T07:47:26.694Z",
                "sha1_fingerprint": "c1b777240986e9afcf366326b270e15f88bb70ba"
              }
            ],
            "service_account_email_address": "p834255205528-4r6l9m@gcp-sa-cloud-sql.iam.gserviceaccount.com",
            "settings": [
              {
                "activation_policy": "ALWAYS",
                "authorized_gae_applications": [],
                "availability_type": "ZONAL",
                "backup_configuration": [
                  {
                    "binary_log_enabled": false,
                    "enabled": false,
                    "location": "",
                    "start_time": "06:00"
                  }
                ],
                "crash_safe_replication": false,
                "database_flags": [],
                "disk_autoresize": true,
                "disk_size": 100,
                "disk_type": "PD_SSD",
                "ip_configuration": [
                  {
                    "authorized_networks": [],
                    "ipv4_enabled": true,
                    "private_network": "",
                    "require_ssl": false
                  }
                ],
                "location_preference": [
                  {
                    "follow_gae_application": "",
                    "zone": "us-central1-f"
                  }
                ],
                "maintenance_window": [],
                "pricing_plan": "PER_USE",
                "replication_type": "SYNCHRONOUS",
                "tier": "db-n1-highmem-16",
                "user_labels": {},
                "version": 1
              }
            ],
            "timeouts": null
          },
          "sensitive_attributes": [],
          "private": "eyJlMmJmYjczMC1lY2FhLTExZTYtOGY4OC0zNDM2M2JjN2M0YzAiOnsiY3JlYXRlIjoxMjAwMDAwMDAwMDAwLCJkZWxldGUiOjEyMDAwMDAwMDAwMDAsInVwZGF0ZSI6MTIwMDAwMDAwMDAwMH19"
        }
      ]
    },
    {
      "module": "module.cloud_sql",
      "mode": "managed",
      "type": "google_sql_user",
      "name": "user",
      "provider": "provider[\"registry.terraform.io/hashicorp/google\"]",
      "instances": [
        {
          "schema_version": 1,
          "attributes": {
            "host": "",
            "id": "test-user//my-instance",
            "instance": "my-instance",
            "name": "test-user",
            "password": "1234",
            "project": "gcp-terraform-407918"
          },
          "sensitive_attributes": [],
          "private": "eyJzY2hlbWFfdmVyc2lvbiI6IjEifQ==",
          "dependencies": [
            "module.cloud_sql.google_sql_database_instance.instance"
          ]
        }
      ]
    },
    {
      "module": "module.gke",
      "mode": "managed",
      "type": "google_container_cluster",
      "name": "gke_cluster",
      "provider": "provider[\"registry.terraform.io/hashicorp/google\"]",
      "instances": [
        {
          "schema_version": 1,
          "attributes": {
            "additional_zones": [],
            "addons_config": [
              {
                "horizontal_pod_autoscaling": [],
                "http_load_balancing": [],
                "kubernetes_dashboard": [],
                "network_policy_config": [
                  {
                    "disabled": true
                  }
                ]
              }
            ],
            "authenticator_groups_config": [],
            "cluster_autoscaling": [
              {
                "auto_provisioning_defaults": [],
                "enabled": false,
                "resource_limits": []
              }
            ],
            "cluster_ipv4_cidr": "10.8.0.0/14",
            "default_max_pods_per_node": 110,
            "description": "",
            "enable_binary_authorization": null,
            "enable_intranode_visibility": null,
            "enable_kubernetes_alpha": false,
            "enable_legacy_abac": false,
            "enable_tpu": null,
            "endpoint": "35.238.43.145",
            "id": "projects/gcp-terraform-407918/locations/us-central1-a/clusters/test-cluster",
            "initial_node_count": 1,
            "instance_group_urls": [
              "https://www.googleapis.com/compute/v1/projects/gcp-terraform-407918/zones/us-central1-a/instanceGroups/gke-test-cluster-default-pool-99410c83-grp"
            ],
            "ip_allocation_policy": [
              {
                "cluster_ipv4_cidr_block": "10.8.0.0/14",
                "cluster_secondary_range_name": "gke-test-cluster-pods-e315448f",
                "create_subnetwork": false,
                "node_ipv4_cidr_block": "",
                "services_ipv4_cidr_block": "10.12.0.0/20",
                "services_secondary_range_name": "gke-test-cluster-services-e315448f",
                "subnetwork_name": "",
                "use_ip_aliases": false
              }
            ],
            "location": "us-central1-a",
            "logging_service": "logging.googleapis.com/kubernetes",
            "maintenance_policy": [],
            "master_auth": [
              {
                "client_certificate": "",
                "client_certificate_config": [
                  {
                    "issue_client_certificate": false
                  }
                ],
                "client_key": "",
                "cluster_ca_certificate": "LS0tLS1CRUdJTiBDRVJUSUZJQ0FURS0tLS0tCk1JSUVMVENDQXBXZ0F3SUJBZ0lSQU1EclBML1hoU2tNWVZsQTFMcy8xNFF3RFFZSktvWklodmNOQVFFTEJRQXcKTHpFdE1Dc0dBMVVFQXhNa01tTTFORGd3T0RJdFlXUTNOUzAwTm1RMkxXRmxNVFV0WlROaFptTXhaalV6TW1RNApNQ0FYRFRJME1ERXpNREEzTWpJek9Gb1lEekl3TlRRd01USXlNRGd5TWpNNFdqQXZNUzB3S3dZRFZRUURFeVF5Cll6VTBPREE0TWkxaFpEYzFMVFEyWkRZdFlXVXhOUzFsTTJGbVl6Rm1OVE15WkRnd2dnR2lNQTBHQ1NxR1NJYjMKRFFFQkFRVUFBNElCandBd2dnR0tBb0lCZ1FERElEV1hHQ3ZzNkNYUXIyQWZ5a0pyVFlFVHl0VnJmZjVYaVVURwpJaklaa0xZMkdZNTR6SE9ZaVFzaUhTRVIvSDNweHZ6MXJJT3RFejltN1BOcVMwNWdJck1teUZTRDIwYVZ3SjU1Cm1sSndXZXhvRDh5bVhkTEs4a1psc1ZIRGNST2ZHYTVJcDdsREdUbkdld0R3SStyM3k5M3BadEFyZDRuYnVyUGwKR2tJeFZvWmRPclVmMkQxQytlMkwzM0RhdGQ3dzdrVnJOR3huZWRXUGF1R25PTHo2TzB1Yys0dEJ6cHRad2xDaApFKzRSZjVaaXVwdXFROURUSjJGV3FTbE4zMU5GbkNRS3JDVlRJMFNzL3E4OGx1Z0MybitYSWhXdzc3dCt0RkJiCkRsY3V5QlRaT0YxbklQa2dEVUM5Nm93V2dMSmhCVTVNNFhzeGs1OVY0U0lLU1M1Qm1KTGo1WHJXeGlLZDFzOVUKVVMxV2VQVWI2cjlmNVExOWVJN1FnYThZWnhMb3ljdVQ1L291MFdTTGpmdnVQcWU3NUd5R2puUnQ1UmZRbmVzZgpqOHJsT25zSlBmOEQ5cTNLb0tFS3hJY1BOZzc4NFZxSVBJcEtxbHNVNjJFR1Y1N09YSUR4NnJHcmVydjk5MEZvCktpa1A2SkxRQzBkcURycllZRmowcFo1TzBVMENBd0VBQWFOQ01FQXdEZ1lEVlIwUEFRSC9CQVFEQWdJRU1BOEcKQTFVZEV3RUIvd1FGTUFNQkFmOHdIUVlEVlIwT0JCWUVGRGFZNkZ3UEdmUllReG1BdjJhakFvVHREUCt4TUEwRwpDU3FHU0liM0RRRUJDd1VBQTRJQmdRQlVZNG9ETklnSnZVOHlxa1EzZmNPckp0UERXaUplSDdnY2ZIdFBEVUsyCjg2cG5XQTRqb2orUEdMQldBd0dWV1RaM0VnTkE4NU5oY2hOUzVmQ2FUQWFjNTVRa1NmZHhmWitOSUwwVXljNVoKMElaU1pjcGxSdjcvYkROeGVaQWpqa1FFMEQyTGJ0NVMzNUwzTDJkS0w4QlZzTGNDUlZPK2J4TkU4cUl3SkNqKworTHorbGpsWjAyZG83T3BIVmEzZktKSGExcm1DUDNTR1NreEJqRU9zWVlKYnN6d3dEcjFtR2JyOWtFQzdrdFZqCnU2VDVKYlJyVTBBT0xmTExucm1vN0VpdEdZSi80Sll3Wm5seWVrUE1mSEtxenpMTGRsQ2Y5WXlVNW1DNGRUeVoKdlJIbUt0UzFCQU04QjUycjhydlZRSXpOY0wyTmloZWVuVkYzdHlUeGJMWUlxb1V0U0RnaFp4bERtRlFoQndwQgpQU25KWXdtWXhKN1c4aE1oMGZVK2lucWliT2NKTXg0ZmpZZEJkU0NvTjhIdzFhOFJXVkU5Q2ZPRzhQaURSMlowCkJ5NWtHSFRqN2FCU3krRGo2ZlM0OEk0MDFmMlljdGdDMGhWUkhnclpTbGdqTUx6cXBEQ3dFRzVvNm5PUVdwaXUKbDRSeFVwSEo2OEIxRlR5RTNwRGFabXc9Ci0tLS0tRU5EIENFUlRJRklDQVRFLS0tLS0K",
                "password": "",
                "username": ""
              }
            ],
            "master_authorized_networks_config": [],
            "master_version": "1.27.3-gke.100",
            "min_master_version": null,
            "monitoring_service": "monitoring.googleapis.com/kubernetes",
            "name": "test-cluster",
            "network": "projects/gcp-terraform-407918/global/networks/default",
            "network_policy": [
              {
                "enabled": false,
                "provider": "PROVIDER_UNSPECIFIED"
              }
            ],
            "node_config": [
              {
                "disk_size_gb": 100,
                "disk_type": "pd-balanced",
                "guest_accelerator": [],
                "image_type": "COS_CONTAINERD",
                "labels": {},
                "local_ssd_count": 0,
                "machine_type": "e2-medium",
                "metadata": {
                  "disable-legacy-endpoints": "true"
                },
                "min_cpu_platform": "",
                "oauth_scopes": [
                  "https://www.googleapis.com/auth/sqlservice.admin"
                ],
                "preemptible": false,
                "sandbox_config": [],
                "service_account": "default",
                "shielded_instance_config": [
                  {
                    "enable_integrity_monitoring": true,
                    "enable_secure_boot": false
                  }
                ],
                "tags": null,
                "taint": [],
                "workload_metadata_config": []
              }
            ],
            "node_locations": [],
            "node_pool": [
              {
                "autoscaling": [],
                "initial_node_count": 1,
                "instance_group_urls": [
                  "https://www.googleapis.com/compute/v1/projects/gcp-terraform-407918/zones/us-central1-a/instanceGroupManagers/gke-test-cluster-default-pool-99410c83-grp"
                ],
                "management": [
                  {
                    "auto_repair": true,
                    "auto_upgrade": true
                  }
                ],
                "max_pods_per_node": 110,
                "name": "default-pool",
                "name_prefix": "",
                "node_config": [
                  {
                    "disk_size_gb": 100,
                    "disk_type": "pd-balanced",
                    "guest_accelerator": [],
                    "image_type": "COS_CONTAINERD",
                    "labels": {},
                    "local_ssd_count": 0,
                    "machine_type": "e2-medium",
                    "metadata": {
                      "disable-legacy-endpoints": "true"
                    },
                    "min_cpu_platform": "",
                    "oauth_scopes": [
                      "https://www.googleapis.com/auth/logging.write",
                      "https://www.googleapis.com/auth/monitoring",
                      "https://www.googleapis.com/auth/sqlservice.admin"
                    ],
                    "preemptible": false,
                    "sandbox_config": [],
                    "service_account": "default",
                    "shielded_instance_config": [
                      {
                        "enable_integrity_monitoring": true,
                        "enable_secure_boot": false
                      }
                    ],
                    "tags": [],
                    "taint": [],
                    "workload_metadata_config": []
                  }
                ],
                "node_count": 1,
                "version": "1.27.3-gke.100"
              }
            ],
            "node_version": "1.27.3-gke.100",
            "operation": null,
            "pod_security_policy_config": null,
            "private_cluster_config": [
              {
                "enable_private_endpoint": false,
                "enable_private_nodes": false,
                "master_ipv4_cidr_block": "",
                "private_endpoint": "10.128.0.3",
                "public_endpoint": "35.238.43.145"
              }
            ],
            "project": "gcp-terraform-407918",
            "region": null,
            "remove_default_node_pool": null,
            "resource_labels": {
              "app": "test"
            },
            "services_ipv4_cidr": "10.12.0.0/20",
            "subnetwork": "projects/gcp-terraform-407918/regions/us-central1/subnetworks/default",
            "timeouts": null,
            "vertical_pod_autoscaling": [],
            "zone": null
          },
          "sensitive_attributes": [],
          "private": "eyJlMmJmYjczMC1lY2FhLTExZTYtOGY4OC0zNDM2M2JjN2M0YzAiOnsiY3JlYXRlIjoyNDAwMDAwMDAwMDAwLCJkZWxldGUiOjI0MDAwMDAwMDAwMDAsInVwZGF0ZSI6MzYwMDAwMDAwMDAwMH0sInNjaGVtYV92ZXJzaW9uIjoiMSJ9"
        }
      ]
    },
    {
      "module": "module.k8s_deployment",
      "mode": "managed",
      "type": "kubernetes_deployment",
      "name": "app",
      "provider": "provider[\"registry.terraform.io/hashicorp/kubernetes\"]",
      "instances": [
        {
          "status": "tainted",
          "schema_version": 1,
          "attributes": {
            "id": "default/app-deployment",
            "metadata": [
              {
                "annotations": {},
                "generate_name": "",
                "generation": 1,
                "labels": {},
                "name": "app-deployment",
                "namespace": "default",
                "resource_version": "6108",
                "uid": "6953f83f-4c0c-4c20-8aeb-b1dfea7aad0e"
              }
            ],
            "spec": [
              {
                "min_ready_seconds": 0,
                "paused": false,
                "progress_deadline_seconds": 600,
                "replicas": "1",
                "revision_history_limit": 10,
                "selector": [
                  {
                    "match_expressions": [],
                    "match_labels": {
                      "App": "app"
                    }
                  }
                ],
                "strategy": [
                  {
                    "rolling_update": [
                      {
                        "max_surge": "25%",
                        "max_unavailable": "25%"
                      }
                    ],
                    "type": "RollingUpdate"
                  }
                ],
                "template": [
                  {
                    "metadata": [
                      {
                        "annotations": {},
                        "generate_name": "",
                        "generation": 0,
                        "labels": {
                          "App": "app"
                        },
                        "name": "",
                        "namespace": "",
                        "resource_version": "",
                        "uid": ""
                      }
                    ],
                    "spec": [
                      {
                        "active_deadline_seconds": 0,
                        "affinity": [],
                        "automount_service_account_token": true,
                        "container": [
                          {
                            "args": [],
                            "command": [],
                            "env": [
                              {
                                "name": "CLOUD_SQL_CONNECTION_NAME",
                                "value": "my-project:us-central1:my-instance",
                                "value_from": []
                              },
                              {
                                "name": "DB_USER",
                                "value": "test-user",
                                "value_from": []
                              },
                              {
                                "name": "DB_PASSWORD",
                                "value": "1234",
                                "value_from": []
                              },
                              {
                                "name": "DB_NAME",
                                "value": "test-database",
                                "value_from": []
                              }
                            ],
                            "env_from": [],
                            "image": "us-docker.pkg.dev/gcp-terraform-407918/todoapp/my-image:latest",
                            "image_pull_policy": "Always",
                            "lifecycle": [],
                            "liveness_probe": [],
                            "name": "app",
                            "port": [
                              {
                                "container_port": 8080,
                                "host_ip": "",
                                "host_port": 0,
                                "name": "",
                                "protocol": "TCP"
                              }
                            ],
                            "readiness_probe": [],
                            "resources": [
                              {
                                "limits": {},
                                "requests": {}
                              }
                            ],
                            "security_context": [],
                            "startup_probe": [],
                            "stdin": false,
                            "stdin_once": false,
                            "termination_message_path": "/dev/termination-log",
                            "termination_message_policy": "File",
                            "tty": false,
                            "volume_mount": [],
                            "working_dir": ""
                          },
                          {
                            "args": [
                              "/cloud_sql_proxy",
                              "-instances=my-project:us-central1:my-instance=tcp:3306"
                            ],
                            "command": [],
                            "env": [],
                            "env_from": [],
                            "image": "gcr.io/cloudsql-docker/gce-proxy:1.16",
                            "image_pull_policy": "IfNotPresent",
                            "lifecycle": [],
                            "liveness_probe": [],
                            "name": "cloud-sql-proxy",
                            "port": [],
                            "readiness_probe": [],
                            "resources": [
                              {
                                "limits": {},
                                "requests": {}
                              }
                            ],
                            "security_context": [],
                            "startup_probe": [],
                            "stdin": false,
                            "stdin_once": false,
                            "termination_message_path": "/dev/termination-log",
                            "termination_message_policy": "File",
                            "tty": false,
                            "volume_mount": [],
                            "working_dir": ""
                          }
                        ],
                        "dns_config": [],
                        "dns_policy": "ClusterFirst",
                        "enable_service_links": true,
                        "host_aliases": [],
                        "host_ipc": false,
                        "host_network": false,
                        "host_pid": false,
                        "hostname": "",
                        "image_pull_secrets": [],
                        "init_container": [],
                        "node_name": "",
                        "node_selector": {},
                        "os": [],
                        "priority_class_name": "",
                        "readiness_gate": [],
                        "restart_policy": "Always",
                        "runtime_class_name": "",
                        "scheduler_name": "default-scheduler",
                        "security_context": [],
                        "service_account_name": "",
                        "share_process_namespace": false,
                        "subdomain": "",
                        "termination_grace_period_seconds": 30,
                        "toleration": [],
                        "topology_spread_constraint": [],
                        "volume": []
                      }
                    ]
                  }
                ]
              }
            ],
            "timeouts": null,
            "wait_for_rollout": true
          },
          "sensitive_attributes": [],
          "private": "eyJlMmJmYjczMC1lY2FhLTExZTYtOGY4OC0zNDM2M2JjN2M0YzAiOnsiY3JlYXRlIjo2MDAwMDAwMDAwMDAsImRlbGV0ZSI6NjAwMDAwMDAwMDAwLCJ1cGRhdGUiOjYwMDAwMDAwMDAwMH0sInNjaGVtYV92ZXJzaW9uIjoiMSJ9",
          "dependencies": [
            "data.google_client_config.default",
            "data.google_container_cluster.primary",
            "module.cloud_sql.google_sql_database.database",
            "module.cloud_sql.google_sql_database_instance.instance",
            "module.cloud_sql.google_sql_user.user",
            "module.gke.google_container_cluster.gke_cluster"
          ]
        }
      ]
    }
  ],
  "check_results": null
}
